// !$*UTF8*$!
{
	archiveVersion = 1;
	classes = {
	};
	objectVersion = 46;
	objects = {

/* Begin PBXBuildFile section */
		501757A51C98BC3800A05E37 /* main.cpp in Sources */ = {isa = PBXBuildFile; fileRef = 501757A41C98BC3800A05E37 /* main.cpp */; };
		501757AD1C98BFB800A05E37 /* data.txt in CopyFiles */ = {isa = PBXBuildFile; fileRef = 501757AC1C98BF9800A05E37 /* data.txt */; };
		509C4E0D1C994AC4007D351A /* data-short.txt in CopyFiles */ = {isa = PBXBuildFile; fileRef = 509C4E0C1C994ABF007D351A /* data-short.txt */; };
		50BB3FB31C9D796400AC7AE1 /* CharacterData.cpp in Sources */ = {isa = PBXBuildFile; fileRef = 50AD9BE71C9C8FA500F59E78 /* CharacterData.cpp */; };
		50BB3FBA1C9E20FC00AC7AE1 /* BayesNaiveClassifier.cpp in Sources */ = {isa = PBXBuildFile; fileRef = 50BB3FB91C9E20FC00AC7AE1 /* BayesNaiveClassifier.cpp */; };
/* End PBXBuildFile section */

/* Begin PBXCopyFilesBuildPhase section */
		5017579F1C98BC3800A05E37 /* CopyFiles */ = {
			isa = PBXCopyFilesBuildPhase;
			buildActionMask = 12;
			dstPath = "";
			dstSubfolderSpec = 16;
			files = (
				509C4E0D1C994AC4007D351A /* data-short.txt in CopyFiles */,
				501757AD1C98BFB800A05E37 /* data.txt in CopyFiles */,
			);
			runOnlyForDeploymentPostprocessing = 0;
		};
/* End PBXCopyFilesBuildPhase section */

/* Begin PBXFileReference section */
		501757A11C98BC3800A05E37 /* biometrics-02 */ = {isa = PBXFileReference; explicitFileType = "compiled.mach-o.executable"; includeInIndex = 0; path = "biometrics-02"; sourceTree = BUILT_PRODUCTS_DIR; };
		501757A41C98BC3800A05E37 /* main.cpp */ = {isa = PBXFileReference; lastKnownFileType = sourcecode.cpp.cpp; path = main.cpp; sourceTree = "<group>"; };
		501757AC1C98BF9800A05E37 /* data.txt */ = {isa = PBXFileReference; fileEncoding = 4; lastKnownFileType = text; path = data.txt; sourceTree = "<group>"; };
		509C4E0C1C994ABF007D351A /* data-short.txt */ = {isa = PBXFileReference; fileEncoding = 4; lastKnownFileType = text; path = "data-short.txt"; sourceTree = "<group>"; };
		50AD9BE71C9C8FA500F59E78 /* CharacterData.cpp */ = {isa = PBXFileReference; fileEncoding = 4; lastKnownFileType = sourcecode.cpp.cpp; name = CharacterData.cpp; path = "biometrics-02/lib/CharacterData.cpp"; sourceTree = "<group>"; };
		50AD9BE81C9C8FA500F59E78 /* CharacterData.hpp */ = {isa = PBXFileReference; fileEncoding = 4; lastKnownFileType = sourcecode.cpp.h; name = CharacterData.hpp; path = "biometrics-02/lib/CharacterData.hpp"; sourceTree = "<group>"; };
		50BB3FB81C9E20FC00AC7AE1 /* BayesNaiveClassifier.hpp */ = {isa = PBXFileReference; fileEncoding = 4; lastKnownFileType = sourcecode.cpp.h; name = BayesNaiveClassifier.hpp; path = "biometrics-02/lib/BayesNaiveClassifier.hpp"; sourceTree = "<group>"; };
		50BB3FB91C9E20FC00AC7AE1 /* BayesNaiveClassifier.cpp */ = {isa = PBXFileReference; fileEncoding = 4; lastKnownFileType = sourcecode.cpp.cpp; name = BayesNaiveClassifier.cpp; path = "biometrics-02/lib/BayesNaiveClassifier.cpp"; sourceTree = "<group>"; };
		50BB3FBB1C9E210A00AC7AE1 /* constants.hpp */ = {isa = PBXFileReference; fileEncoding = 4; lastKnownFileType = sourcecode.cpp.h; path = constants.hpp; sourceTree = "<group>"; };
/* End PBXFileReference section */

/* Begin PBXFrameworksBuildPhase section */
		5017579E1C98BC3800A05E37 /* Frameworks */ = {
			isa = PBXFrameworksBuildPhase;
			buildActionMask = 2147483647;
			files = (
			);
			runOnlyForDeploymentPostprocessing = 0;
		};
/* End PBXFrameworksBuildPhase section */

/* Begin PBXGroup section */
		501757981C98BC3800A05E37 = {
			isa = PBXGroup;
			children = (
				501757A31C98BC3800A05E37 /* biometrics-02 */,
				50AD9BEB1C9C8FDD00F59E78 /* data */,
				50AD9BEA1C9C8FC600F59E78 /* lib */,
				501757A21C98BC3800A05E37 /* Products */,
			);
			sourceTree = "<group>";
		};
		501757A21C98BC3800A05E37 /* Products */ = {
			isa = PBXGroup;
			children = (
				501757A11C98BC3800A05E37 /* biometrics-02 */,
			);
			name = Products;
			sourceTree = "<group>";
		};
		501757A31C98BC3800A05E37 /* biometrics-02 */ = {
			isa = PBXGroup;
			children = (
				50BB3FBB1C9E210A00AC7AE1 /* constants.hpp */,
				501757A41C98BC3800A05E37 /* main.cpp */,
			);
			path = "biometrics-02";
			sourceTree = "<group>";
		};
		50AD9BEA1C9C8FC600F59E78 /* lib */ = {
			isa = PBXGroup;
			children = (
				50BB3FB81C9E20FC00AC7AE1 /* BayesNaiveClassifier.hpp */,
				50BB3FB91C9E20FC00AC7AE1 /* BayesNaiveClassifier.cpp */,
				50AD9BE71C9C8FA500F59E78 /* CharacterData.cpp */,
				50AD9BE81C9C8FA500F59E78 /* CharacterData.hpp */,
			);
			name = lib;
			sourceTree = "<group>";
		};
		50AD9BEB1C9C8FDD00F59E78 /* data */ = {
			isa = PBXGroup;
			children = (
				501757AC1C98BF9800A05E37 /* data.txt */,
				509C4E0C1C994ABF007D351A /* data-short.txt */,
			);
			name = data;
			sourceTree = "<group>";
		};
/* End PBXGroup section */

/* Begin PBXNativeTarget section */
		501757A01C98BC3800A05E37 /* biometrics-02 */ = {
			isa = PBXNativeTarget;
			buildConfigurationList = 501757A81C98BC3800A05E37 /* Build configuration list for PBXNativeTarget "biometrics-02" */;
			buildPhases = (
				5017579D1C98BC3800A05E37 /* Sources */,
				5017579E1C98BC3800A05E37 /* Frameworks */,
				5017579F1C98BC3800A05E37 /* CopyFiles */,
			);
			buildRules = (
			);
			dependencies = (
			);
			name = "biometrics-02";
			productName = "biometrics-02";
			productReference = 501757A11C98BC3800A05E37 /* biometrics-02 */;
			productType = "com.apple.product-type.tool";
		};
/* End PBXNativeTarget section */

/* Begin PBXProject section */
		501757991C98BC3800A05E37 /* Project object */ = {
			isa = PBXProject;
			attributes = {
				LastUpgradeCheck = 0720;
				ORGANIZATIONNAME = "Martin Kiesel";
				TargetAttributes = {
					501757A01C98BC3800A05E37 = {
						CreatedOnToolsVersion = 7.2.1;
					};
				};
			};
			buildConfigurationList = 5017579C1C98BC3800A05E37 /* Build configuration list for PBXProject "biometrics-02" */;
			compatibilityVersion = "Xcode 3.2";
			developmentRegion = English;
			hasScannedForEncodings = 0;
			knownRegions = (
				en,
			);
			mainGroup = 501757981C98BC3800A05E37;
			productRefGroup = 501757A21C98BC3800A05E37 /* Products */;
			projectDirPath = "";
			projectRoot = "";
			targets = (
				501757A01C98BC3800A05E37 /* biometrics-02 */,
			);
		};
/* End PBXProject section */

/* Begin PBXSourcesBuildPhase section */
		5017579D1C98BC3800A05E37 /* Sources */ = {
			isa = PBXSourcesBuildPhase;
			buildActionMask = 2147483647;
			files = (
				50BB3FBA1C9E20FC00AC7AE1 /* BayesNaiveClassifier.cpp in Sources */,
				501757A51C98BC3800A05E37 /* main.cpp in Sources */,
				50BB3FB31C9D796400AC7AE1 /* CharacterData.cpp in Sources */,
			);
			runOnlyForDeploymentPostprocessing = 0;
		};
/* End PBXSourcesBuildPhase section */

/* Begin XCBuildConfiguration section */
		501757A61C98BC3800A05E37 /* Debug */ = {
			isa = XCBuildConfiguration;
			buildSettings = {
				ALWAYS_SEARCH_USER_PATHS = NO;
				CLANG_CXX_LANGUAGE_STANDARD = "gnu++0x";
				CLANG_CXX_LIBRARY = "libc++";
				CLANG_ENABLE_MODULES = YES;
				CLANG_ENABLE_OBJC_ARC = YES;
				CLANG_WARN_BOOL_CONVERSION = YES;
				CLANG_WARN_CONSTANT_CONVERSION = YES;
				CLANG_WARN_DIRECT_OBJC_ISA_USAGE = YES_ERROR;
				CLANG_WARN_EMPTY_BODY = YES;
				CLANG_WARN_ENUM_CONVERSION = YES;
				CLANG_WARN_INT_CONVERSION = YES;
				CLANG_WARN_OBJC_ROOT_CLASS = YES_ERROR;
				CLANG_WARN_UNREACHABLE_CODE = YES;
				CLANG_WARN__DUPLICATE_METHOD_MATCH = YES;
				CODE_SIGN_IDENTITY = "-";
				COPY_PHASE_STRIP = NO;
				DEBUG_INFORMATION_FORMAT = dwarf;
				ENABLE_STRICT_OBJC_MSGSEND = YES;
				ENABLE_TESTABILITY = YES;
				GCC_C_LANGUAGE_STANDARD = gnu99;
				GCC_DYNAMIC_NO_PIC = NO;
				GCC_NO_COMMON_BLOCKS = YES;
				GCC_OPTIMIZATION_LEVEL = 0;
				GCC_PREPROCESSOR_DEFINITIONS = (
					"DEBUG=1",
					"$(inherited)",
				);
				GCC_WARN_64_TO_32_BIT_CONVERSION = YES;
				GCC_WARN_ABOUT_RETURN_TYPE = YES_ERROR;
				GCC_WARN_UNDECLARED_SELECTOR = YES;
				GCC_WARN_UNINITIALIZED_AUTOS = YES_AGGRESSIVE;
				GCC_WARN_UNUSED_FUNCTION = YES;
				GCC_WARN_UNUSED_VARIABLE = YES;
				MACOSX_DEPLOYMENT_TARGET = 10.10;
				MTL_ENABLE_DEBUG_INFO = YES;
				ONLY_ACTIVE_ARCH = YES;
				SDKROOT = macosx;
			};
			name = Debug;
		};
		501757A71C98BC3800A05E37 /* Release */ = {
			isa = XCBuildConfiguration;
			buildSettings = {
				ALWAYS_SEARCH_USER_PATHS = NO;
				CLANG_CXX_LANGUAGE_STANDARD = "gnu++0x";
				CLANG_CXX_LIBRARY = "libc++";
				CLANG_ENABLE_MODULES = YES;
				CLANG_ENABLE_OBJC_ARC = YES;
				CLANG_WARN_BOOL_CONVERSION = YES;
				CLANG_WARN_CONSTANT_CONVERSION = YES;
				CLANG_WARN_DIRECT_OBJC_ISA_USAGE = YES_ERROR;
				CLANG_WARN_EMPTY_BODY = YES;
				CLANG_WARN_ENUM_CONVERSION = YES;
				CLANG_WARN_INT_CONVERSION = YES;
				CLANG_WARN_OBJC_ROOT_CLASS = YES_ERROR;
				CLANG_WARN_UNREACHABLE_CODE = YES;
				CLANG_WARN__DUPLICATE_METHOD_MATCH = YES;
				CODE_SIGN_IDENTITY = "-";
				COPY_PHASE_STRIP = NO;
				DEBUG_INFORMATION_FORMAT = "dwarf-with-dsym";
				ENABLE_NS_ASSERTIONS = NO;
				ENABLE_STRICT_OBJC_MSGSEND = YES;
				GCC_C_LANGUAGE_STANDARD = gnu99;
				GCC_NO_COMMON_BLOCKS = YES;
				GCC_WARN_64_TO_32_BIT_CONVERSION = YES;
				GCC_WARN_ABOUT_RETURN_TYPE = YES_ERROR;
				GCC_WARN_UNDECLARED_SELECTOR = YES;
				GCC_WARN_UNINITIALIZED_AUTOS = YES_AGGRESSIVE;
				GCC_WARN_UNUSED_FUNCTION = YES;
				GCC_WARN_UNUSED_VARIABLE = YES;
				MACOSX_DEPLOYMENT_TARGET = 10.10;
				MTL_ENABLE_DEBUG_INFO = NO;
				SDKROOT = macosx;
			};
			name = Release;
		};
		501757A91C98BC3800A05E37 /* Debug */ = {
			isa = XCBuildConfiguration;
			buildSettings = {
				PRODUCT_NAME = "$(TARGET_NAME)";
			};
			name = Debug;
		};
		501757AA1C98BC3800A05E37 /* Release */ = {
			isa = XCBuildConfiguration;
			buildSettings = {
				PRODUCT_NAME = "$(TARGET_NAME)";
			};
			name = Release;
		};
/* End XCBuildConfiguration section */

/* Begin XCConfigurationList section */
		5017579C1C98BC3800A05E37 /* Build configuration list for PBXProject "biometrics-02" */ = {
			isa = XCConfigurationList;
			buildConfigurations = (
				501757A61C98BC3800A05E37 /* Debug */,
				501757A71C98BC3800A05E37 /* Release */,
			);
			defaultConfigurationIsVisible = 0;
			defaultConfigurationName = Release;
		};
		501757A81C98BC3800A05E37 /* Build configuration list for PBXNativeTarget "biometrics-02" */ = {
			isa = XCConfigurationList;
			buildConfigurations = (
				501757A91C98BC3800A05E37 /* Debug */,
				501757AA1C98BC3800A05E37 /* Release */,
			);
			defaultConfigurationIsVisible = 0;
			defaultConfigurationName = Release;
		};
/* End XCConfigurationList section */
	};
	rootObject = 501757991C98BC3800A05E37 /* Project object */;
}
